
Microsoft Visual Studio Solution File, Format Version 12.00
# Visual Studio Version 17
VisualStudioVersion = 17.1.32328.378
MinimumVisualStudioVersion = 10.0.40219.1
Project("{FAE04EC0-301F-11D3-BF4B-00C04F79EFBC}") = "CarRental", "CarRental\CarRental.csproj", "{13BC0D0C-69D8-440B-ABB8-FD0270D49ADF}"
EndProject
Global
	GlobalSection(SolutionConfigurationPlatforms) = preSolution
		Debug|Any CPU = Debug|Any CPU
		Release|Any CPU = Release|Any CPU
	EndGlobalSection
	GlobalSection(ProjectConfigurationPlatforms) = postSolution
		{13BC0D0C-69D8-440B-ABB8-FD0270D49ADF}.Debug|Any CPU.ActiveCfg = Debug|Any CPU
		{13BC0D0C-69D8-440B-ABB8-FD0270D49ADF}.Debug|Any CPU.Build.0 = Debug|Any CPU
		{13BC0D0C-69D8-440B-ABB8-FD0270D49ADF}.Release|Any CPU.ActiveCfg = Release|Any CPU
		{13BC0D0C-69D8-440B-ABB8-FD0270D49ADF}.Release|Any CPU.Build.0 = Release|Any CPU
	EndGlobalSection
	GlobalSection(SolutionProperties) = preSolution
		HideSolutionNode = FALSE
	EndGlobalSection
	GlobalSection(ExtensibilityGlobals) = postSolution
		SolutionGuid = {E7A290FD-8910-4BED-99C2-D085A2BE5E5A}
	EndGlobalSection
EndGlobal
