
Microsoft Visual Studio Solution File, Format Version 12.00
# Visual Studio Version 17
VisualStudioVersion = 17.1.32328.378
MinimumVisualStudioVersion = 10.0.40219.1
Project("{FAE04EC0-301F-11D3-BF4B-00C04F79EFBC}") = "CarRental", "CarRental\CarRental.csproj", "{920C5AD6-28B6-4668-A8D2-BF282A470208}"
EndProject
Global
	GlobalSection(SolutionConfigurationPlatforms) = preSolution
		Debug|Any CPU = Debug|Any CPU
		Release|Any CPU = Release|Any CPU
	EndGlobalSection
	GlobalSection(ProjectConfigurationPlatforms) = postSolution
		{920C5AD6-28B6-4668-A8D2-BF282A470208}.Debug|Any CPU.ActiveCfg = Debug|Any CPU
		{920C5AD6-28B6-4668-A8D2-BF282A470208}.Debug|Any CPU.Build.0 = Debug|Any CPU
		{920C5AD6-28B6-4668-A8D2-BF282A470208}.Release|Any CPU.ActiveCfg = Release|Any CPU
		{920C5AD6-28B6-4668-A8D2-BF282A470208}.Release|Any CPU.Build.0 = Release|Any CPU
	EndGlobalSection
	GlobalSection(SolutionProperties) = preSolution
		HideSolutionNode = FALSE
	EndGlobalSection
	GlobalSection(ExtensibilityGlobals) = postSolution
		SolutionGuid = {F7D38887-7FF5-4B08-9CA9-A89DC73C0705}
	EndGlobalSection
EndGlobal
